PODS:
  - Alamofire (4.8.1)
  - paper-onboarding (5.0.0)
  - Result (4.1.0)
  - SwiftyJSON (4.2.0)

DEPENDENCIES:
  - Alamofire
  - paper-onboarding
  - Result
  - SwiftyJSON

SPEC REPOS:
  https://github.com/cocoapods/specs.git:
    - Alamofire
    - paper-onboarding
    - Result
    - SwiftyJSON

SPEC CHECKSUMS:
  Alamofire: 16ce2c353fb72865124ddae8a57c5942388f4f11
  paper-onboarding: a2e3a710fd27ac0b5635ec5490660e7ec09289b5
  Result: bd966fac789cc6c1563440b348ab2598cc24d5c7
  SwiftyJSON: c4bcba26dd9ec7a027fc8eade48e2c911f229e96

PODFILE CHECKSUM: 0d75a886ed910540b4996c13990f649cecc9fad5

COCOAPODS: 1.5.3
